{
  "object": {
    "pins": [
      {
        "package": "ABNetworking",
        "repositoryURL": "https://github.com/alessioborraccino/abnetworking.git",
        "state": {
          "branch": null,
          "revision": "d6471e0f07391ee6655ce20b76d302206ecf6fb0",
          "version": "0.1.2"
        }
      }
    ]
  },
  "version": 1
}
