{
  "object": {
    "pins": [
      {
        "package": "ABNetworking",
        "repositoryURL": "https://github.com/alessioborraccino/abnetworking.git",
        "state": {
          "branch": null,
          "revision": "f6902acce8984920547fe39671f4e8dff4da7bad",
          "version": "0.2.0"
        }
      },
      {
        "package": "Hippolyte",
        "repositoryURL": "https://github.com/JanGorman/Hippolyte.git",
        "state": {
          "branch": null,
          "revision": "6f01393bf28bc088e695949da0ad700078189b18",
          "version": "1.4.0"
        }
      }
    ]
  },
  "version": 1
}
